
Microsoft Visual Studio Solution File, Format Version 12.00
# Visual Studio Version 17
VisualStudioVersion = 17.14.36616.10 d17.14
MinimumVisualStudioVersion = 10.0.40219.1
Project("{FAE04EC0-301F-11D3-BF4B-00C04F79EFBC}") = "Csiger_Krisztián_backend_vizsgaGyakorlat", "Csiger_Krisztián_backend_vizsgaGyakorlat\Csiger_Krisztián_backend_vizsgaGyakorlat.csproj", "{EFA0E659-9BAF-4BE8-85BE-403492EB277B}"
EndProject
Project("{2150E333-8FDC-42A3-9474-1A3956D46DE8}") = "Solution Items", "Solution Items", "{8EC462FD-D22E-90A8-E5CE-7E832BA40C5D}"
	ProjectSection(SolutionItems) = preProject
		.gitignore = .gitignore
	EndProjectSection
EndProject
Global
	GlobalSection(SolutionConfigurationPlatforms) = preSolution
		Debug|Any CPU = Debug|Any CPU
		Release|Any CPU = Release|Any CPU
	EndGlobalSection
	GlobalSection(ProjectConfigurationPlatforms) = postSolution
		{EFA0E659-9BAF-4BE8-85BE-403492EB277B}.Debug|Any CPU.ActiveCfg = Debug|Any CPU
		{EFA0E659-9BAF-4BE8-85BE-403492EB277B}.Debug|Any CPU.Build.0 = Debug|Any CPU
		{EFA0E659-9BAF-4BE8-85BE-403492EB277B}.Release|Any CPU.ActiveCfg = Release|Any CPU
		{EFA0E659-9BAF-4BE8-85BE-403492EB277B}.Release|Any CPU.Build.0 = Release|Any CPU
	EndGlobalSection
	GlobalSection(SolutionProperties) = preSolution
		HideSolutionNode = FALSE
	EndGlobalSection
	GlobalSection(ExtensibilityGlobals) = postSolution
		SolutionGuid = {4C09D5E4-F420-4572-8343-53B0EBA6816C}
	EndGlobalSection
EndGlobal
